
Microsoft Visual Studio Solution File, Format Version 12.00
# Visual Studio Version 17
VisualStudioVersion = 17.7.34031.279
MinimumVisualStudioVersion = 10.0.40219.1
Project("{FAE04EC0-301F-11D3-BF4B-00C04F79EFBC}") = "WindowsFormsApp1", "WindowsFormsApp1\WindowsFormsApp1.csproj", "{94DEC9F0-07A6-4CB1-B367-C3622FA65368}"
EndProject
Global
	GlobalSection(SolutionConfigurationPlatforms) = preSolution
		Debug|Any CPU = Debug|Any CPU
		Release|Any CPU = Release|Any CPU
	EndGlobalSection
	GlobalSection(ProjectConfigurationPlatforms) = postSolution
		{94DEC9F0-07A6-4CB1-B367-C3622FA65368}.Debug|Any CPU.ActiveCfg = Debug|Any CPU
		{94DEC9F0-07A6-4CB1-B367-C3622FA65368}.Debug|Any CPU.Build.0 = Debug|Any CPU
		{94DEC9F0-07A6-4CB1-B367-C3622FA65368}.Release|Any CPU.ActiveCfg = Release|Any CPU
		{94DEC9F0-07A6-4CB1-B367-C3622FA65368}.Release|Any CPU.Build.0 = Release|Any CPU
	EndGlobalSection
	GlobalSection(SolutionProperties) = preSolution
		HideSolutionNode = FALSE
	EndGlobalSection
	GlobalSection(ExtensibilityGlobals) = postSolution
		SolutionGuid = {E3262814-7748-455B-9657-85D6781BF692}
	EndGlobalSection
EndGlobal
